
Microsoft Visual Studio Solution File, Format Version 12.00
# Visual Studio 15
VisualStudioVersion = 15.0.28307.329
MinimumVisualStudioVersion = 10.0.40219.1
Project("{8BC9CEB8-8B4A-11D0-8D11-00A0C91BC942}") = "BabylonianSqRt", "BabylonianSqRt\BabylonianSqRt.vcxproj", "{72349806-9E41-4089-8862-F5A636F4E3CE}"
EndProject
Global
	GlobalSection(SolutionConfigurationPlatforms) = preSolution
		Debug|x64 = Debug|x64
		Debug|x86 = Debug|x86
		Release|x64 = Release|x64
		Release|x86 = Release|x86
	EndGlobalSection
	GlobalSection(ProjectConfigurationPlatforms) = postSolution
		{72349806-9E41-4089-8862-F5A636F4E3CE}.Debug|x64.ActiveCfg = Debug|x64
		{72349806-9E41-4089-8862-F5A636F4E3CE}.Debug|x64.Build.0 = Debug|x64
		{72349806-9E41-4089-8862-F5A636F4E3CE}.Debug|x86.ActiveCfg = Debug|Win32
		{72349806-9E41-4089-8862-F5A636F4E3CE}.Debug|x86.Build.0 = Debug|Win32
		{72349806-9E41-4089-8862-F5A636F4E3CE}.Release|x64.ActiveCfg = Release|x64
		{72349806-9E41-4089-8862-F5A636F4E3CE}.Release|x64.Build.0 = Release|x64
		{72349806-9E41-4089-8862-F5A636F4E3CE}.Release|x86.ActiveCfg = Release|Win32
		{72349806-9E41-4089-8862-F5A636F4E3CE}.Release|x86.Build.0 = Release|Win32
	EndGlobalSection
	GlobalSection(SolutionProperties) = preSolution
		HideSolutionNode = FALSE
	EndGlobalSection
	GlobalSection(ExtensibilityGlobals) = postSolution
		SolutionGuid = {6357463C-9B70-499F-9392-475FEB6C1A59}
	EndGlobalSection
EndGlobal
